
Microsoft Visual Studio Solution File, Format Version 12.00
# Visual Studio Version 16
VisualStudioVersion = 16.0.28922.388
MinimumVisualStudioVersion = 10.0.40219.1
Project("{FAE04EC0-301F-11D3-BF4B-00C04F79EFBC}") = "FileStreams", "Lesson_8\FileStreams.csproj", "{8A5511DB-C783-4102-A590-1DA8A715FC60}"
EndProject
Project("{FAE04EC0-301F-11D3-BF4B-00C04F79EFBC}") = "StreamReaderWriter", "StreamReaderWriter\StreamReaderWriter.csproj", "{C4C795FD-9119-4877-8A8A-7A64EDA0E889}"
EndProject
Project("{FAE04EC0-301F-11D3-BF4B-00C04F79EFBC}") = "BinaryWriterReader", "BinaryWriterReader\BinaryWriterReader.csproj", "{47ADADE1-A4FD-48EE-BDB9-171AFD3C424B}"
EndProject
Project("{FAE04EC0-301F-11D3-BF4B-00C04F79EFBC}") = "BinarySerializationDemo", "BinarySerializationDemo\BinarySerializationDemo.csproj", "{21420DE9-89E4-4B98-A1D2-6E65C77D3BF6}"
EndProject
Project("{FAE04EC0-301F-11D3-BF4B-00C04F79EFBC}") = "XmlSerialisation", "XmlSerialisation\XmlSerialisation.csproj", "{C76BE817-E1CD-4B17-BA24-F37736BA66D7}"
EndProject
Global
	GlobalSection(SolutionConfigurationPlatforms) = preSolution
		Debug|Any CPU = Debug|Any CPU
		Release|Any CPU = Release|Any CPU
	EndGlobalSection
	GlobalSection(ProjectConfigurationPlatforms) = postSolution
		{8A5511DB-C783-4102-A590-1DA8A715FC60}.Debug|Any CPU.ActiveCfg = Debug|Any CPU
		{8A5511DB-C783-4102-A590-1DA8A715FC60}.Debug|Any CPU.Build.0 = Debug|Any CPU
		{8A5511DB-C783-4102-A590-1DA8A715FC60}.Release|Any CPU.ActiveCfg = Release|Any CPU
		{8A5511DB-C783-4102-A590-1DA8A715FC60}.Release|Any CPU.Build.0 = Release|Any CPU
		{C4C795FD-9119-4877-8A8A-7A64EDA0E889}.Debug|Any CPU.ActiveCfg = Debug|Any CPU
		{C4C795FD-9119-4877-8A8A-7A64EDA0E889}.Debug|Any CPU.Build.0 = Debug|Any CPU
		{C4C795FD-9119-4877-8A8A-7A64EDA0E889}.Release|Any CPU.ActiveCfg = Release|Any CPU
		{C4C795FD-9119-4877-8A8A-7A64EDA0E889}.Release|Any CPU.Build.0 = Release|Any CPU
		{47ADADE1-A4FD-48EE-BDB9-171AFD3C424B}.Debug|Any CPU.ActiveCfg = Debug|Any CPU
		{47ADADE1-A4FD-48EE-BDB9-171AFD3C424B}.Debug|Any CPU.Build.0 = Debug|Any CPU
		{47ADADE1-A4FD-48EE-BDB9-171AFD3C424B}.Release|Any CPU.ActiveCfg = Release|Any CPU
		{47ADADE1-A4FD-48EE-BDB9-171AFD3C424B}.Release|Any CPU.Build.0 = Release|Any CPU
		{21420DE9-89E4-4B98-A1D2-6E65C77D3BF6}.Debug|Any CPU.ActiveCfg = Debug|Any CPU
		{21420DE9-89E4-4B98-A1D2-6E65C77D3BF6}.Debug|Any CPU.Build.0 = Debug|Any CPU
		{21420DE9-89E4-4B98-A1D2-6E65C77D3BF6}.Release|Any CPU.ActiveCfg = Release|Any CPU
		{21420DE9-89E4-4B98-A1D2-6E65C77D3BF6}.Release|Any CPU.Build.0 = Release|Any CPU
		{C76BE817-E1CD-4B17-BA24-F37736BA66D7}.Debug|Any CPU.ActiveCfg = Debug|Any CPU
		{C76BE817-E1CD-4B17-BA24-F37736BA66D7}.Debug|Any CPU.Build.0 = Debug|Any CPU
		{C76BE817-E1CD-4B17-BA24-F37736BA66D7}.Release|Any CPU.ActiveCfg = Release|Any CPU
		{C76BE817-E1CD-4B17-BA24-F37736BA66D7}.Release|Any CPU.Build.0 = Release|Any CPU
	EndGlobalSection
	GlobalSection(SolutionProperties) = preSolution
		HideSolutionNode = FALSE
	EndGlobalSection
	GlobalSection(ExtensibilityGlobals) = postSolution
		SolutionGuid = {BB504E18-1100-4C09-8BC7-F4C077767DA0}
	EndGlobalSection
EndGlobal
