
Microsoft Visual Studio Solution File, Format Version 12.00
# Visual Studio Version 16
VisualStudioVersion = 16.0.28922.388
MinimumVisualStudioVersion = 10.0.40219.1
Project("{FAE04EC0-301F-11D3-BF4B-00C04F79EFBC}") = "task_1", "task_1\task_1.csproj", "{38858056-81AD-4632-B196-F60CABB03156}"
EndProject
Project("{FAE04EC0-301F-11D3-BF4B-00C04F79EFBC}") = "task_2", "task_2\task_2.csproj", "{980AFC06-B829-4FFF-8D42-6707999A5FC3}"
EndProject
Project("{FAE04EC0-301F-11D3-BF4B-00C04F79EFBC}") = "task_3", "task_3\task_3.csproj", "{FA4D0D1E-85D1-47E9-8A8D-A8DE0629754B}"
EndProject
Project("{FAE04EC0-301F-11D3-BF4B-00C04F79EFBC}") = "task_4", "task_4\task_4.csproj", "{5615D2E3-FDDB-4DE5-A933-08903B60A933}"
EndProject
Project("{FAE04EC0-301F-11D3-BF4B-00C04F79EFBC}") = "task_5", "task_5\task_5.csproj", "{40BB6221-A7A1-4046-99BD-400940387C72}"
EndProject
Global
	GlobalSection(SolutionConfigurationPlatforms) = preSolution
		Debug|Any CPU = Debug|Any CPU
		Release|Any CPU = Release|Any CPU
	EndGlobalSection
	GlobalSection(ProjectConfigurationPlatforms) = postSolution
		{38858056-81AD-4632-B196-F60CABB03156}.Debug|Any CPU.ActiveCfg = Debug|Any CPU
		{38858056-81AD-4632-B196-F60CABB03156}.Debug|Any CPU.Build.0 = Debug|Any CPU
		{38858056-81AD-4632-B196-F60CABB03156}.Release|Any CPU.ActiveCfg = Release|Any CPU
		{38858056-81AD-4632-B196-F60CABB03156}.Release|Any CPU.Build.0 = Release|Any CPU
		{980AFC06-B829-4FFF-8D42-6707999A5FC3}.Debug|Any CPU.ActiveCfg = Debug|Any CPU
		{980AFC06-B829-4FFF-8D42-6707999A5FC3}.Debug|Any CPU.Build.0 = Debug|Any CPU
		{980AFC06-B829-4FFF-8D42-6707999A5FC3}.Release|Any CPU.ActiveCfg = Release|Any CPU
		{980AFC06-B829-4FFF-8D42-6707999A5FC3}.Release|Any CPU.Build.0 = Release|Any CPU
		{FA4D0D1E-85D1-47E9-8A8D-A8DE0629754B}.Debug|Any CPU.ActiveCfg = Debug|Any CPU
		{FA4D0D1E-85D1-47E9-8A8D-A8DE0629754B}.Debug|Any CPU.Build.0 = Debug|Any CPU
		{FA4D0D1E-85D1-47E9-8A8D-A8DE0629754B}.Release|Any CPU.ActiveCfg = Release|Any CPU
		{FA4D0D1E-85D1-47E9-8A8D-A8DE0629754B}.Release|Any CPU.Build.0 = Release|Any CPU
		{5615D2E3-FDDB-4DE5-A933-08903B60A933}.Debug|Any CPU.ActiveCfg = Debug|Any CPU
		{5615D2E3-FDDB-4DE5-A933-08903B60A933}.Debug|Any CPU.Build.0 = Debug|Any CPU
		{5615D2E3-FDDB-4DE5-A933-08903B60A933}.Release|Any CPU.ActiveCfg = Release|Any CPU
		{5615D2E3-FDDB-4DE5-A933-08903B60A933}.Release|Any CPU.Build.0 = Release|Any CPU
		{40BB6221-A7A1-4046-99BD-400940387C72}.Debug|Any CPU.ActiveCfg = Debug|Any CPU
		{40BB6221-A7A1-4046-99BD-400940387C72}.Debug|Any CPU.Build.0 = Debug|Any CPU
		{40BB6221-A7A1-4046-99BD-400940387C72}.Release|Any CPU.ActiveCfg = Release|Any CPU
		{40BB6221-A7A1-4046-99BD-400940387C72}.Release|Any CPU.Build.0 = Release|Any CPU
	EndGlobalSection
	GlobalSection(SolutionProperties) = preSolution
		HideSolutionNode = FALSE
	EndGlobalSection
	GlobalSection(ExtensibilityGlobals) = postSolution
		SolutionGuid = {8246F617-70C3-4381-AF56-2B97EA6912A0}
	EndGlobalSection
EndGlobal
